// !$*UTF8*$!
{
	archiveVersion = 1;
	classes = {
	};
	objectVersion = 56;
	objects = {

/* Begin PBXBuildFile section */
		E31015ED2A83A1DD00D01073 /* SwiftUIAppleAppDevTutorialApp.swift in Sources */ = {isa = PBXBuildFile; fileRef = E31015EC2A83A1DD00D01073 /* SwiftUIAppleAppDevTutorialApp.swift */; };
		E31015EF2A83A1DD00D01073 /* MeetingView.swift in Sources */ = {isa = PBXBuildFile; fileRef = E31015EE2A83A1DD00D01073 /* MeetingView.swift */; };
		E31015F12A83A1DE00D01073 /* Assets.xcassets in Resources */ = {isa = PBXBuildFile; fileRef = E31015F02A83A1DE00D01073 /* Assets.xcassets */; };
		E31015F42A83A1DE00D01073 /* Preview Assets.xcassets in Resources */ = {isa = PBXBuildFile; fileRef = E31015F32A83A1DE00D01073 /* Preview Assets.xcassets */; };
		E31015FC2A83ACCC00D01073 /* Theme.swift in Sources */ = {isa = PBXBuildFile; fileRef = E31015FB2A83ACCC00D01073 /* Theme.swift */; };
		E31015FE2A83AF6C00D01073 /* DailyScrum.swift in Sources */ = {isa = PBXBuildFile; fileRef = E31015FD2A83AF6C00D01073 /* DailyScrum.swift */; };
		E31016002A83B47200D01073 /* CardView.swift in Sources */ = {isa = PBXBuildFile; fileRef = E31015FF2A83B47200D01073 /* CardView.swift */; };
		E31016062A83BFF400D01073 /* TrailingIconLabelStyle.swift in Sources */ = {isa = PBXBuildFile; fileRef = E31016052A83BFF400D01073 /* TrailingIconLabelStyle.swift */; };
		E31016082A83C91700D01073 /* ScrumsView.swift in Sources */ = {isa = PBXBuildFile; fileRef = E31016072A83C91700D01073 /* ScrumsView.swift */; };
/* End PBXBuildFile section */

/* Begin PBXFileReference section */
		E31015E92A83A1DD00D01073 /* SwiftUIAppleAppDevTutorial.app */ = {isa = PBXFileReference; explicitFileType = wrapper.application; includeInIndex = 0; path = SwiftUIAppleAppDevTutorial.app; sourceTree = BUILT_PRODUCTS_DIR; };
		E31015EC2A83A1DD00D01073 /* SwiftUIAppleAppDevTutorialApp.swift */ = {isa = PBXFileReference; lastKnownFileType = sourcecode.swift; path = SwiftUIAppleAppDevTutorialApp.swift; sourceTree = "<group>"; };
		E31015EE2A83A1DD00D01073 /* MeetingView.swift */ = {isa = PBXFileReference; lastKnownFileType = sourcecode.swift; path = MeetingView.swift; sourceTree = "<group>"; };
		E31015F02A83A1DE00D01073 /* Assets.xcassets */ = {isa = PBXFileReference; lastKnownFileType = folder.assetcatalog; path = Assets.xcassets; sourceTree = "<group>"; };
		E31015F32A83A1DE00D01073 /* Preview Assets.xcassets */ = {isa = PBXFileReference; lastKnownFileType = folder.assetcatalog; path = "Preview Assets.xcassets"; sourceTree = "<group>"; };
		E31015FB2A83ACCC00D01073 /* Theme.swift */ = {isa = PBXFileReference; lastKnownFileType = sourcecode.swift; path = Theme.swift; sourceTree = "<group>"; };
		E31015FD2A83AF6C00D01073 /* DailyScrum.swift */ = {isa = PBXFileReference; lastKnownFileType = sourcecode.swift; path = DailyScrum.swift; sourceTree = "<group>"; };
		E31015FF2A83B47200D01073 /* CardView.swift */ = {isa = PBXFileReference; lastKnownFileType = sourcecode.swift; path = CardView.swift; sourceTree = "<group>"; };
		E31016052A83BFF400D01073 /* TrailingIconLabelStyle.swift */ = {isa = PBXFileReference; lastKnownFileType = sourcecode.swift; path = TrailingIconLabelStyle.swift; sourceTree = "<group>"; };
		E31016072A83C91700D01073 /* ScrumsView.swift */ = {isa = PBXFileReference; lastKnownFileType = sourcecode.swift; path = ScrumsView.swift; sourceTree = "<group>"; };
/* End PBXFileReference section */

/* Begin PBXFrameworksBuildPhase section */
		E31015E62A83A1DD00D01073 /* Frameworks */ = {
			isa = PBXFrameworksBuildPhase;
			buildActionMask = 2147483647;
			files = (
			);
			runOnlyForDeploymentPostprocessing = 0;
		};
/* End PBXFrameworksBuildPhase section */

/* Begin PBXGroup section */
		E31015E02A83A1DD00D01073 = {
			isa = PBXGroup;
			children = (
				E31015EB2A83A1DD00D01073 /* SwiftUIAppleAppDevTutorial */,
				E31015EA2A83A1DD00D01073 /* Products */,
			);
			sourceTree = "<group>";
		};
		E31015EA2A83A1DD00D01073 /* Products */ = {
			isa = PBXGroup;
			children = (
				E31015E92A83A1DD00D01073 /* SwiftUIAppleAppDevTutorial.app */,
			);
			name = Products;
			sourceTree = "<group>";
		};
		E31015EB2A83A1DD00D01073 /* SwiftUIAppleAppDevTutorial */ = {
			isa = PBXGroup;
			children = (
				E31016042A83BFD100D01073 /* Styles */,
				E31016012A83B90C00D01073 /* Views */,
				E31015FA2A83ACB300D01073 /* Models */,
				E31015EC2A83A1DD00D01073 /* SwiftUIAppleAppDevTutorialApp.swift */,
				E31015EE2A83A1DD00D01073 /* MeetingView.swift */,
				E31015F02A83A1DE00D01073 /* Assets.xcassets */,
				E31015F22A83A1DE00D01073 /* Preview Content */,
			);
			path = SwiftUIAppleAppDevTutorial;
			sourceTree = "<group>";
		};
		E31015F22A83A1DE00D01073 /* Preview Content */ = {
			isa = PBXGroup;
			children = (
				E31015F32A83A1DE00D01073 /* Preview Assets.xcassets */,
			);
			path = "Preview Content";
			sourceTree = "<group>";
		};
		E31015FA2A83ACB300D01073 /* Models */ = {
			isa = PBXGroup;
			children = (
				E31015FB2A83ACCC00D01073 /* Theme.swift */,
				E31015FD2A83AF6C00D01073 /* DailyScrum.swift */,
			);
			path = Models;
			sourceTree = "<group>";
		};
		E31016012A83B90C00D01073 /* Views */ = {
			isa = PBXGroup;
			children = (
				E31015FF2A83B47200D01073 /* CardView.swift */,
				E31016072A83C91700D01073 /* ScrumsView.swift */,
			);
			path = Views;
			sourceTree = "<group>";
		};
		E31016042A83BFD100D01073 /* Styles */ = {
			isa = PBXGroup;
			children = (
				E31016052A83BFF400D01073 /* TrailingIconLabelStyle.swift */,
			);
			path = Styles;
			sourceTree = "<group>";
		};
/* End PBXGroup section */

/* Begin PBXNativeTarget section */
		E31015E82A83A1DD00D01073 /* SwiftUIAppleAppDevTutorial */ = {
			isa = PBXNativeTarget;
			buildConfigurationList = E31015F72A83A1DE00D01073 /* Build configuration list for PBXNativeTarget "SwiftUIAppleAppDevTutorial" */;
			buildPhases = (
				E31015E52A83A1DD00D01073 /* Sources */,
				E31015E62A83A1DD00D01073 /* Frameworks */,
				E31015E72A83A1DD00D01073 /* Resources */,
			);
			buildRules = (
			);
			dependencies = (
			);
			name = SwiftUIAppleAppDevTutorial;
			productName = SwiftUIAppleAppDevTutorial;
			productReference = E31015E92A83A1DD00D01073 /* SwiftUIAppleAppDevTutorial.app */;
			productType = "com.apple.product-type.application";
		};
/* End PBXNativeTarget section */

/* Begin PBXProject section */
		E31015E12A83A1DD00D01073 /* Project object */ = {
			isa = PBXProject;
			attributes = {
				BuildIndependentTargetsInParallel = 1;
				LastSwiftUpdateCheck = 1430;
				LastUpgradeCheck = 1430;
				TargetAttributes = {
					E31015E82A83A1DD00D01073 = {
						CreatedOnToolsVersion = 14.3.1;
					};
				};
			};
			buildConfigurationList = E31015E42A83A1DD00D01073 /* Build configuration list for PBXProject "SwiftUIAppleAppDevTutorial" */;
			compatibilityVersion = "Xcode 14.0";
			developmentRegion = en;
			hasScannedForEncodings = 0;
			knownRegions = (
				en,
				Base,
			);
			mainGroup = E31015E02A83A1DD00D01073;
			productRefGroup = E31015EA2A83A1DD00D01073 /* Products */;
			projectDirPath = "";
			projectRoot = "";
			targets = (
				E31015E82A83A1DD00D01073 /* SwiftUIAppleAppDevTutorial */,
			);
		};
/* End PBXProject section */

/* Begin PBXResourcesBuildPhase section */
		E31015E72A83A1DD00D01073 /* Resources */ = {
			isa = PBXResourcesBuildPhase;
			buildActionMask = 2147483647;
			files = (
				E31015F42A83A1DE00D01073 /* Preview Assets.xcassets in Resources */,
				E31015F12A83A1DE00D01073 /* Assets.xcassets in Resources */,
			);
			runOnlyForDeploymentPostprocessing = 0;
		};
/* End PBXResourcesBuildPhase section */

/* Begin PBXSourcesBuildPhase section */
		E31015E52A83A1DD00D01073 /* Sources */ = {
			isa = PBXSourcesBuildPhase;
			buildActionMask = 2147483647;
			files = (
				E31015FE2A83AF6C00D01073 /* DailyScrum.swift in Sources */,
				E31016062A83BFF400D01073 /* TrailingIconLabelStyle.swift in Sources */,
				E31015FC2A83ACCC00D01073 /* Theme.swift in Sources */,
				E31016082A83C91700D01073 /* ScrumsView.swift in Sources */,
				E31015EF2A83A1DD00D01073 /* MeetingView.swift in Sources */,
				E31015ED2A83A1DD00D01073 /* SwiftUIAppleAppDevTutorialApp.swift in Sources */,
				E31016002A83B47200D01073 /* CardView.swift in Sources */,
			);
			runOnlyForDeploymentPostprocessing = 0;
		};
/* End PBXSourcesBuildPhase section */

/* Begin XCBuildConfiguration section */
		E31015F52A83A1DE00D01073 /* Debug */ = {
			isa = XCBuildConfiguration;
			buildSettings = {
				ALWAYS_SEARCH_USER_PATHS = NO;
				CLANG_ANALYZER_NONNULL = YES;
				CLANG_ANALYZER_NUMBER_OBJECT_CONVERSION = YES_AGGRESSIVE;
				CLANG_CXX_LANGUAGE_STANDARD = "gnu++20";
				CLANG_ENABLE_MODULES = YES;
				CLANG_ENABLE_OBJC_ARC = YES;
				CLANG_ENABLE_OBJC_WEAK = YES;
				CLANG_WARN_BLOCK_CAPTURE_AUTORELEASING = YES;
				CLANG_WARN_BOOL_CONVERSION = YES;
				CLANG_WARN_COMMA = YES;
				CLANG_WARN_CONSTANT_CONVERSION = YES;
				CLANG_WARN_DEPRECATED_OBJC_IMPLEMENTATIONS = YES;
				CLANG_WARN_DIRECT_OBJC_ISA_USAGE = YES_ERROR;
				CLANG_WARN_DOCUMENTATION_COMMENTS = YES;
				CLANG_WARN_EMPTY_BODY = YES;
				CLANG_WARN_ENUM_CONVERSION = YES;
				CLANG_WARN_INFINITE_RECURSION = YES;
				CLANG_WARN_INT_CONVERSION = YES;
				CLANG_WARN_NON_LITERAL_NULL_CONVERSION = YES;
				CLANG_WARN_OBJC_IMPLICIT_RETAIN_SELF = YES;
				CLANG_WARN_OBJC_LITERAL_CONVERSION = YES;
				CLANG_WARN_OBJC_ROOT_CLASS = YES_ERROR;
				CLANG_WARN_QUOTED_INCLUDE_IN_FRAMEWORK_HEADER = YES;
				CLANG_WARN_RANGE_LOOP_ANALYSIS = YES;
				CLANG_WARN_STRICT_PROTOTYPES = YES;
				CLANG_WARN_SUSPICIOUS_MOVE = YES;
				CLANG_WARN_UNGUARDED_AVAILABILITY = YES_AGGRESSIVE;
				CLANG_WARN_UNREACHABLE_CODE = YES;
				CLANG_WARN__DUPLICATE_METHOD_MATCH = YES;
				COPY_PHASE_STRIP = NO;
				DEBUG_INFORMATION_FORMAT = dwarf;
				ENABLE_STRICT_OBJC_MSGSEND = YES;
				ENABLE_TESTABILITY = YES;
				GCC_C_LANGUAGE_STANDARD = gnu11;
				GCC_DYNAMIC_NO_PIC = NO;
				GCC_NO_COMMON_BLOCKS = YES;
				GCC_OPTIMIZATION_LEVEL = 0;
				GCC_PREPROCESSOR_DEFINITIONS = (
					"DEBUG=1",
					"$(inherited)",
				);
				GCC_WARN_64_TO_32_BIT_CONVERSION = YES;
				GCC_WARN_ABOUT_RETURN_TYPE = YES_ERROR;
				GCC_WARN_UNDECLARED_SELECTOR = YES;
				GCC_WARN_UNINITIALIZED_AUTOS = YES_AGGRESSIVE;
				GCC_WARN_UNUSED_FUNCTION = YES;
				GCC_WARN_UNUSED_VARIABLE = YES;
				IPHONEOS_DEPLOYMENT_TARGET = 16.4;
				MTL_ENABLE_DEBUG_INFO = INCLUDE_SOURCE;
				MTL_FAST_MATH = YES;
				ONLY_ACTIVE_ARCH = YES;
				SDKROOT = iphoneos;
				SWIFT_ACTIVE_COMPILATION_CONDITIONS = DEBUG;
				SWIFT_OPTIMIZATION_LEVEL = "-Onone";
			};
			name = Debug;
		};
		E31015F62A83A1DE00D01073 /* Release */ = {
			isa = XCBuildConfiguration;
			buildSettings = {
				ALWAYS_SEARCH_USER_PATHS = NO;
				CLANG_ANALYZER_NONNULL = YES;
				CLANG_ANALYZER_NUMBER_OBJECT_CONVERSION = YES_AGGRESSIVE;
				CLANG_CXX_LANGUAGE_STANDARD = "gnu++20";
				CLANG_ENABLE_MODULES = YES;
				CLANG_ENABLE_OBJC_ARC = YES;
				CLANG_ENABLE_OBJC_WEAK = YES;
				CLANG_WARN_BLOCK_CAPTURE_AUTORELEASING = YES;
				CLANG_WARN_BOOL_CONVERSION = YES;
				CLANG_WARN_COMMA = YES;
				CLANG_WARN_CONSTANT_CONVERSION = YES;
				CLANG_WARN_DEPRECATED_OBJC_IMPLEMENTATIONS = YES;
				CLANG_WARN_DIRECT_OBJC_ISA_USAGE = YES_ERROR;
				CLANG_WARN_DOCUMENTATION_COMMENTS = YES;
				CLANG_WARN_EMPTY_BODY = YES;
				CLANG_WARN_ENUM_CONVERSION = YES;
				CLANG_WARN_INFINITE_RECURSION = YES;
				CLANG_WARN_INT_CONVERSION = YES;
				CLANG_WARN_NON_LITERAL_NULL_CONVERSION = YES;
				CLANG_WARN_OBJC_IMPLICIT_RETAIN_SELF = YES;
				CLANG_WARN_OBJC_LITERAL_CONVERSION = YES;
				CLANG_WARN_OBJC_ROOT_CLASS = YES_ERROR;
				CLANG_WARN_QUOTED_INCLUDE_IN_FRAMEWORK_HEADER = YES;
				CLANG_WARN_RANGE_LOOP_ANALYSIS = YES;
				CLANG_WARN_STRICT_PROTOTYPES = YES;
				CLANG_WARN_SUSPICIOUS_MOVE = YES;
				CLANG_WARN_UNGUARDED_AVAILABILITY = YES_AGGRESSIVE;
				CLANG_WARN_UNREACHABLE_CODE = YES;
				CLANG_WARN__DUPLICATE_METHOD_MATCH = YES;
				COPY_PHASE_STRIP = NO;
				DEBUG_INFORMATION_FORMAT = "dwarf-with-dsym";
				ENABLE_NS_ASSERTIONS = NO;
				ENABLE_STRICT_OBJC_MSGSEND = YES;
				GCC_C_LANGUAGE_STANDARD = gnu11;
				GCC_NO_COMMON_BLOCKS = YES;
				GCC_WARN_64_TO_32_BIT_CONVERSION = YES;
				GCC_WARN_ABOUT_RETURN_TYPE = YES_ERROR;
				GCC_WARN_UNDECLARED_SELECTOR = YES;
				GCC_WARN_UNINITIALIZED_AUTOS = YES_AGGRESSIVE;
				GCC_WARN_UNUSED_FUNCTION = YES;
				GCC_WARN_UNUSED_VARIABLE = YES;
				IPHONEOS_DEPLOYMENT_TARGET = 16.4;
				MTL_ENABLE_DEBUG_INFO = NO;
				MTL_FAST_MATH = YES;
				SDKROOT = iphoneos;
				SWIFT_COMPILATION_MODE = wholemodule;
				SWIFT_OPTIMIZATION_LEVEL = "-O";
				VALIDATE_PRODUCT = YES;
			};
			name = Release;
		};
		E31015F82A83A1DE00D01073 /* Debug */ = {
			isa = XCBuildConfiguration;
			buildSettings = {
				ASSETCATALOG_COMPILER_APPICON_NAME = AppIcon;
				ASSETCATALOG_COMPILER_GLOBAL_ACCENT_COLOR_NAME = AccentColor;
				CODE_SIGN_STYLE = Automatic;
				CURRENT_PROJECT_VERSION = 1;
				DEVELOPMENT_ASSET_PATHS = "\"SwiftUIAppleAppDevTutorial/Preview Content\"";
				DEVELOPMENT_TEAM = K49J9CAYG6;
				ENABLE_PREVIEWS = YES;
				GENERATE_INFOPLIST_FILE = YES;
				INFOPLIST_KEY_UIApplicationSceneManifest_Generation = YES;
				INFOPLIST_KEY_UIApplicationSupportsIndirectInputEvents = YES;
				INFOPLIST_KEY_UILaunchScreen_Generation = YES;
				INFOPLIST_KEY_UISupportedInterfaceOrientations_iPad = "UIInterfaceOrientationPortrait UIInterfaceOrientationPortraitUpsideDown UIInterfaceOrientationLandscapeLeft UIInterfaceOrientationLandscapeRight";
				INFOPLIST_KEY_UISupportedInterfaceOrientations_iPhone = "UIInterfaceOrientationPortrait UIInterfaceOrientationLandscapeLeft UIInterfaceOrientationLandscapeRight";
				LD_RUNPATH_SEARCH_PATHS = (
					"$(inherited)",
					"@executable_path/Frameworks",
				);
				MARKETING_VERSION = 1.0;
				PRODUCT_BUNDLE_IDENTIFIER = com.jukic.tin.SwiftUIAppleAppDevTutorial;
				PRODUCT_NAME = "$(TARGET_NAME)";
				SWIFT_EMIT_LOC_STRINGS = YES;
				SWIFT_VERSION = 5.0;
				TARGETED_DEVICE_FAMILY = "1,2";
			};
			name = Debug;
		};
		E31015F92A83A1DE00D01073 /* Release */ = {
			isa = XCBuildConfiguration;
			buildSettings = {
				ASSETCATALOG_COMPILER_APPICON_NAME = AppIcon;
				ASSETCATALOG_COMPILER_GLOBAL_ACCENT_COLOR_NAME = AccentColor;
				CODE_SIGN_STYLE = Automatic;
				CURRENT_PROJECT_VERSION = 1;
				DEVELOPMENT_ASSET_PATHS = "\"SwiftUIAppleAppDevTutorial/Preview Content\"";
				DEVELOPMENT_TEAM = K49J9CAYG6;
				ENABLE_PREVIEWS = YES;
				GENERATE_INFOPLIST_FILE = YES;
				INFOPLIST_KEY_UIApplicationSceneManifest_Generation = YES;
				INFOPLIST_KEY_UIApplicationSupportsIndirectInputEvents = YES;
				INFOPLIST_KEY_UILaunchScreen_Generation = YES;
				INFOPLIST_KEY_UISupportedInterfaceOrientations_iPad = "UIInterfaceOrientationPortrait UIInterfaceOrientationPortraitUpsideDown UIInterfaceOrientationLandscapeLeft UIInterfaceOrientationLandscapeRight";
				INFOPLIST_KEY_UISupportedInterfaceOrientations_iPhone = "UIInterfaceOrientationPortrait UIInterfaceOrientationLandscapeLeft UIInterfaceOrientationLandscapeRight";
				LD_RUNPATH_SEARCH_PATHS = (
					"$(inherited)",
					"@executable_path/Frameworks",
				);
				MARKETING_VERSION = 1.0;
				PRODUCT_BUNDLE_IDENTIFIER = com.jukic.tin.SwiftUIAppleAppDevTutorial;
				PRODUCT_NAME = "$(TARGET_NAME)";
				SWIFT_EMIT_LOC_STRINGS = YES;
				SWIFT_VERSION = 5.0;
				TARGETED_DEVICE_FAMILY = "1,2";
			};
			name = Release;
		};
/* End XCBuildConfiguration section */

/* Begin XCConfigurationList section */
		E31015E42A83A1DD00D01073 /* Build configuration list for PBXProject "SwiftUIAppleAppDevTutorial" */ = {
			isa = XCConfigurationList;
			buildConfigurations = (
				E31015F52A83A1DE00D01073 /* Debug */,
				E31015F62A83A1DE00D01073 /* Release */,
			);
			defaultConfigurationIsVisible = 0;
			defaultConfigurationName = Release;
		};
		E31015F72A83A1DE00D01073 /* Build configuration list for PBXNativeTarget "SwiftUIAppleAppDevTutorial" */ = {
			isa = XCConfigurationList;
			buildConfigurations = (
				E31015F82A83A1DE00D01073 /* Debug */,
				E31015F92A83A1DE00D01073 /* Release */,
			);
			defaultConfigurationIsVisible = 0;
			defaultConfigurationName = Release;
		};
/* End XCConfigurationList section */
	};
	rootObject = E31015E12A83A1DD00D01073 /* Project object */;
}
